
Microsoft Visual Studio Solution File, Format Version 12.00
# Visual Studio Version 17
VisualStudioVersion = 17.9.34728.123
MinimumVisualStudioVersion = 10.0.40219.1
Project("{F2A71F9B-5D33-465A-A702-920D77279786}") = "Project18", "Project18.fsproj", "{360AEEA0-AEFB-4886-8C72-D274A5369865}"
EndProject
Global
	GlobalSection(SolutionConfigurationPlatforms) = preSolution
		Debug|Any CPU = Debug|Any CPU
		Release|Any CPU = Release|Any CPU
	EndGlobalSection
	GlobalSection(ProjectConfigurationPlatforms) = postSolution
		{360AEEA0-AEFB-4886-8C72-D274A5369865}.Debug|Any CPU.ActiveCfg = Debug|Any CPU
		{360AEEA0-AEFB-4886-8C72-D274A5369865}.Debug|Any CPU.Build.0 = Debug|Any CPU
		{360AEEA0-AEFB-4886-8C72-D274A5369865}.Release|Any CPU.ActiveCfg = Release|Any CPU
		{360AEEA0-AEFB-4886-8C72-D274A5369865}.Release|Any CPU.Build.0 = Release|Any CPU
	EndGlobalSection
	GlobalSection(SolutionProperties) = preSolution
		HideSolutionNode = FALSE
	EndGlobalSection
	GlobalSection(ExtensibilityGlobals) = postSolution
		SolutionGuid = {83F4EC9E-E9BC-4C69-901C-842FADA001B8}
	EndGlobalSection
EndGlobal
